# THIS IS AN AUTOGENERATED FILE. DO NOT EDIT THIS FILE DIRECTLY.
# yarn lockfile v1


prettier@^2.0.2:
  version "2.0.2"
  resolved "https://registry.yarnpkg.com/prettier/-/prettier-2.0.2.tgz#1ba8f3eb92231e769b7fcd7cb73ae1b6b74ade08"
  integrity sha512-5xJQIPT8BraI7ZnaDwSbu5zLrB6vvi8hVV58yHQ+QK64qrY40dULy0HSRlQ2/2IdzeBpjhDkqdcFBnFeDEMVdg==
